// !$*UTF8*$!
{
	archiveVersion = 1;
	classes = {
	};
	objectVersion = 46;
	objects = {

/* Begin PBXBuildFile section */
		2DA2868CF954051C66C93DA7 /* libPods-GNGeocoderTests.a in Frameworks */ = {isa = PBXBuildFile; fileRef = 23364841048060B9D7582EE4 /* libPods-GNGeocoderTests.a */; };
		36671FD805861B707AFFC4D2 /* libPods-GNGeocoder.a in Frameworks */ = {isa = PBXBuildFile; fileRef = BA5742655FD4F93D9B6AF2F5 /* libPods-GNGeocoder.a */; };
		EE021E391AA9A55C00338D45 /* main.m in Sources */ = {isa = PBXBuildFile; fileRef = EE021E381AA9A55C00338D45 /* main.m */; };
		EE021E3C1AA9A55C00338D45 /* AppDelegate.m in Sources */ = {isa = PBXBuildFile; fileRef = EE021E3B1AA9A55C00338D45 /* AppDelegate.m */; };
		EE021E3F1AA9A55C00338D45 /* ViewController.m in Sources */ = {isa = PBXBuildFile; fileRef = EE021E3E1AA9A55C00338D45 /* ViewController.m */; };
		EE021E421AA9A55C00338D45 /* Main.storyboard in Resources */ = {isa = PBXBuildFile; fileRef = EE021E401AA9A55C00338D45 /* Main.storyboard */; };
		EE021E441AA9A55C00338D45 /* Images.xcassets in Resources */ = {isa = PBXBuildFile; fileRef = EE021E431AA9A55C00338D45 /* Images.xcassets */; };
		EE021E471AA9A55C00338D45 /* LaunchScreen.xib in Resources */ = {isa = PBXBuildFile; fileRef = EE021E451AA9A55C00338D45 /* LaunchScreen.xib */; };
		EE021E531AA9A55D00338D45 /* GNGeocoderTests.m in Sources */ = {isa = PBXBuildFile; fileRef = EE021E521AA9A55D00338D45 /* GNGeocoderTests.m */; };
		EE021E6C1AA9A5B400338D45 /* GNGeocoder.m in Sources */ = {isa = PBXBuildFile; fileRef = EE021E671AA9A5B400338D45 /* GNGeocoder.m */; };
		EE021E6D1AA9A5B400338D45 /* GNGeocoderBaseAttributes.m in Sources */ = {isa = PBXBuildFile; fileRef = EE021E691AA9A5B400338D45 /* GNGeocoderBaseAttributes.m */; };
		EE021E6E1AA9A5B400338D45 /* GNLocationInfo.m in Sources */ = {isa = PBXBuildFile; fileRef = EE021E6B1AA9A5B400338D45 /* GNLocationInfo.m */; };
		EE021E741AA9C8B700338D45 /* GNGeocoderAttributes.m in Sources */ = {isa = PBXBuildFile; fileRef = EE021E731AA9C8B700338D45 /* GNGeocoderAttributes.m */; };
		EE021E781AA9C98400338D45 /* GNReverseGeocoderAttributes.m in Sources */ = {isa = PBXBuildFile; fileRef = EE021E771AA9C98400338D45 /* GNReverseGeocoderAttributes.m */; };
/* End PBXBuildFile section */

/* Begin PBXContainerItemProxy section */
		EE021E4D1AA9A55D00338D45 /* PBXContainerItemProxy */ = {
			isa = PBXContainerItemProxy;
			containerPortal = EE021E2B1AA9A55C00338D45 /* Project object */;
			proxyType = 1;
			remoteGlobalIDString = EE021E321AA9A55C00338D45;
			remoteInfo = GNGeocoder;
		};
/* End PBXContainerItemProxy section */

/* Begin PBXFileReference section */
		01AA35C23AFA686F94114899 /* Pods-GNGeocoderTests.debug.xcconfig */ = {isa = PBXFileReference; includeInIndex = 1; lastKnownFileType = text.xcconfig; name = "Pods-GNGeocoderTests.debug.xcconfig"; path = "Pods/Target Support Files/Pods-GNGeocoderTests/Pods-GNGeocoderTests.debug.xcconfig"; sourceTree = "<group>"; };
		23364841048060B9D7582EE4 /* libPods-GNGeocoderTests.a */ = {isa = PBXFileReference; explicitFileType = archive.ar; includeInIndex = 0; path = "libPods-GNGeocoderTests.a"; sourceTree = BUILT_PRODUCTS_DIR; };
		BA5742655FD4F93D9B6AF2F5 /* libPods-GNGeocoder.a */ = {isa = PBXFileReference; explicitFileType = archive.ar; includeInIndex = 0; path = "libPods-GNGeocoder.a"; sourceTree = BUILT_PRODUCTS_DIR; };
		CF134EB399010DABAEA779EF /* Pods-GNGeocoder.release.xcconfig */ = {isa = PBXFileReference; includeInIndex = 1; lastKnownFileType = text.xcconfig; name = "Pods-GNGeocoder.release.xcconfig"; path = "Pods/Target Support Files/Pods-GNGeocoder/Pods-GNGeocoder.release.xcconfig"; sourceTree = "<group>"; };
		ED72D3DDC658389A80D5968B /* Pods-GNGeocoderTests.release.xcconfig */ = {isa = PBXFileReference; includeInIndex = 1; lastKnownFileType = text.xcconfig; name = "Pods-GNGeocoderTests.release.xcconfig"; path = "Pods/Target Support Files/Pods-GNGeocoderTests/Pods-GNGeocoderTests.release.xcconfig"; sourceTree = "<group>"; };
		EE021E331AA9A55C00338D45 /* GNGeocoder.app */ = {isa = PBXFileReference; explicitFileType = wrapper.application; includeInIndex = 0; path = GNGeocoder.app; sourceTree = BUILT_PRODUCTS_DIR; };
		EE021E371AA9A55C00338D45 /* Info.plist */ = {isa = PBXFileReference; lastKnownFileType = text.plist.xml; path = Info.plist; sourceTree = "<group>"; };
		EE021E381AA9A55C00338D45 /* main.m */ = {isa = PBXFileReference; lastKnownFileType = sourcecode.c.objc; path = main.m; sourceTree = "<group>"; };
		EE021E3A1AA9A55C00338D45 /* AppDelegate.h */ = {isa = PBXFileReference; lastKnownFileType = sourcecode.c.h; path = AppDelegate.h; sourceTree = "<group>"; };
		EE021E3B1AA9A55C00338D45 /* AppDelegate.m */ = {isa = PBXFileReference; lastKnownFileType = sourcecode.c.objc; path = AppDelegate.m; sourceTree = "<group>"; };
		EE021E3D1AA9A55C00338D45 /* ViewController.h */ = {isa = PBXFileReference; lastKnownFileType = sourcecode.c.h; path = ViewController.h; sourceTree = "<group>"; };
		EE021E3E1AA9A55C00338D45 /* ViewController.m */ = {isa = PBXFileReference; lastKnownFileType = sourcecode.c.objc; path = ViewController.m; sourceTree = "<group>"; };
		EE021E411AA9A55C00338D45 /* Base */ = {isa = PBXFileReference; lastKnownFileType = file.storyboard; name = Base; path = Base.lproj/Main.storyboard; sourceTree = "<group>"; };
		EE021E431AA9A55C00338D45 /* Images.xcassets */ = {isa = PBXFileReference; lastKnownFileType = folder.assetcatalog; path = Images.xcassets; sourceTree = "<group>"; };
		EE021E461AA9A55C00338D45 /* Base */ = {isa = PBXFileReference; lastKnownFileType = file.xib; name = Base; path = Base.lproj/LaunchScreen.xib; sourceTree = "<group>"; };
		EE021E4C1AA9A55D00338D45 /* GNGeocoderTests.xctest */ = {isa = PBXFileReference; explicitFileType = wrapper.cfbundle; includeInIndex = 0; path = GNGeocoderTests.xctest; sourceTree = BUILT_PRODUCTS_DIR; };
		EE021E511AA9A55D00338D45 /* Info.plist */ = {isa = PBXFileReference; lastKnownFileType = text.plist.xml; path = Info.plist; sourceTree = "<group>"; };
		EE021E521AA9A55D00338D45 /* GNGeocoderTests.m */ = {isa = PBXFileReference; lastKnownFileType = sourcecode.c.objc; path = GNGeocoderTests.m; sourceTree = "<group>"; };
		EE021E661AA9A5B400338D45 /* GNGeocoder.h */ = {isa = PBXFileReference; fileEncoding = 4; lastKnownFileType = sourcecode.c.h; name = GNGeocoder.h; path = ../GNGeocoder/GNGeocoder.h; sourceTree = "<group>"; };
		EE021E671AA9A5B400338D45 /* GNGeocoder.m */ = {isa = PBXFileReference; fileEncoding = 4; lastKnownFileType = sourcecode.c.objc; name = GNGeocoder.m; path = ../GNGeocoder/GNGeocoder.m; sourceTree = "<group>"; };
		EE021E681AA9A5B400338D45 /* GNGeocoderBaseAttributes.h */ = {isa = PBXFileReference; fileEncoding = 4; lastKnownFileType = sourcecode.c.h; name = GNGeocoderBaseAttributes.h; path = ../GNGeocoder/GNGeocoderBaseAttributes.h; sourceTree = "<group>"; };
		EE021E691AA9A5B400338D45 /* GNGeocoderBaseAttributes.m */ = {isa = PBXFileReference; fileEncoding = 4; lastKnownFileType = sourcecode.c.objc; name = GNGeocoderBaseAttributes.m; path = ../GNGeocoder/GNGeocoderBaseAttributes.m; sourceTree = "<group>"; };
		EE021E6A1AA9A5B400338D45 /* GNLocationInfo.h */ = {isa = PBXFileReference; fileEncoding = 4; lastKnownFileType = sourcecode.c.h; name = GNLocationInfo.h; path = ../GNGeocoder/GNLocationInfo.h; sourceTree = "<group>"; };
		EE021E6B1AA9A5B400338D45 /* GNLocationInfo.m */ = {isa = PBXFileReference; fileEncoding = 4; lastKnownFileType = sourcecode.c.objc; name = GNLocationInfo.m; path = ../GNGeocoder/GNLocationInfo.m; sourceTree = "<group>"; };
		EE021E721AA9C8B700338D45 /* GNGeocoderAttributes.h */ = {isa = PBXFileReference; fileEncoding = 4; lastKnownFileType = sourcecode.c.h; name = GNGeocoderAttributes.h; path = ../GNGeocoder/GNGeocoderAttributes.h; sourceTree = "<group>"; };
		EE021E731AA9C8B700338D45 /* GNGeocoderAttributes.m */ = {isa = PBXFileReference; fileEncoding = 4; lastKnownFileType = sourcecode.c.objc; name = GNGeocoderAttributes.m; path = ../GNGeocoder/GNGeocoderAttributes.m; sourceTree = "<group>"; };
		EE021E761AA9C98400338D45 /* GNReverseGeocoderAttributes.h */ = {isa = PBXFileReference; fileEncoding = 4; lastKnownFileType = sourcecode.c.h; name = GNReverseGeocoderAttributes.h; path = ../GNGeocoder/GNReverseGeocoderAttributes.h; sourceTree = "<group>"; };
		EE021E771AA9C98400338D45 /* GNReverseGeocoderAttributes.m */ = {isa = PBXFileReference; fileEncoding = 4; lastKnownFileType = sourcecode.c.objc; name = GNReverseGeocoderAttributes.m; path = ../GNGeocoder/GNReverseGeocoderAttributes.m; sourceTree = "<group>"; };
		FAC2AFF89E75AAE6E05A7522 /* Pods-GNGeocoder.debug.xcconfig */ = {isa = PBXFileReference; includeInIndex = 1; lastKnownFileType = text.xcconfig; name = "Pods-GNGeocoder.debug.xcconfig"; path = "Pods/Target Support Files/Pods-GNGeocoder/Pods-GNGeocoder.debug.xcconfig"; sourceTree = "<group>"; };
/* End PBXFileReference section */

/* Begin PBXFrameworksBuildPhase section */
		EE021E301AA9A55C00338D45 /* Frameworks */ = {
			isa = PBXFrameworksBuildPhase;
			buildActionMask = 2147483647;
			files = (
				36671FD805861B707AFFC4D2 /* libPods-GNGeocoder.a in Frameworks */,
			);
			runOnlyForDeploymentPostprocessing = 0;
		};
		EE021E491AA9A55D00338D45 /* Frameworks */ = {
			isa = PBXFrameworksBuildPhase;
			buildActionMask = 2147483647;
			files = (
				2DA2868CF954051C66C93DA7 /* libPods-GNGeocoderTests.a in Frameworks */,
			);
			runOnlyForDeploymentPostprocessing = 0;
		};
/* End PBXFrameworksBuildPhase section */

/* Begin PBXGroup section */
		19D9E59109823B09611DDDE0 /* Frameworks */ = {
			isa = PBXGroup;
			children = (
				BA5742655FD4F93D9B6AF2F5 /* libPods-GNGeocoder.a */,
				23364841048060B9D7582EE4 /* libPods-GNGeocoderTests.a */,
			);
			name = Frameworks;
			sourceTree = "<group>";
		};
		35C77853725D77E5A857FB65 /* Pods */ = {
			isa = PBXGroup;
			children = (
				FAC2AFF89E75AAE6E05A7522 /* Pods-GNGeocoder.debug.xcconfig */,
				CF134EB399010DABAEA779EF /* Pods-GNGeocoder.release.xcconfig */,
				01AA35C23AFA686F94114899 /* Pods-GNGeocoderTests.debug.xcconfig */,
				ED72D3DDC658389A80D5968B /* Pods-GNGeocoderTests.release.xcconfig */,
			);
			name = Pods;
			sourceTree = "<group>";
		};
		EE021E2A1AA9A55C00338D45 = {
			isa = PBXGroup;
			children = (
				EE021E5C1AA9A58D00338D45 /* Lib */,
				EE021E351AA9A55C00338D45 /* GNGeocoder */,
				EE021E4F1AA9A55D00338D45 /* GNGeocoderTests */,
				EE021E341AA9A55C00338D45 /* Products */,
				35C77853725D77E5A857FB65 /* Pods */,
				19D9E59109823B09611DDDE0 /* Frameworks */,
			);
			sourceTree = "<group>";
		};
		EE021E341AA9A55C00338D45 /* Products */ = {
			isa = PBXGroup;
			children = (
				EE021E331AA9A55C00338D45 /* GNGeocoder.app */,
				EE021E4C1AA9A55D00338D45 /* GNGeocoderTests.xctest */,
			);
			name = Products;
			sourceTree = "<group>";
		};
		EE021E351AA9A55C00338D45 /* GNGeocoder */ = {
			isa = PBXGroup;
			children = (
				EE021E3A1AA9A55C00338D45 /* AppDelegate.h */,
				EE021E3B1AA9A55C00338D45 /* AppDelegate.m */,
				EE021E3D1AA9A55C00338D45 /* ViewController.h */,
				EE021E3E1AA9A55C00338D45 /* ViewController.m */,
				EE021E401AA9A55C00338D45 /* Main.storyboard */,
				EE021E431AA9A55C00338D45 /* Images.xcassets */,
				EE021E451AA9A55C00338D45 /* LaunchScreen.xib */,
				EE021E361AA9A55C00338D45 /* Supporting Files */,
			);
			path = GNGeocoder;
			sourceTree = "<group>";
		};
		EE021E361AA9A55C00338D45 /* Supporting Files */ = {
			isa = PBXGroup;
			children = (
				EE021E371AA9A55C00338D45 /* Info.plist */,
				EE021E381AA9A55C00338D45 /* main.m */,
			);
			name = "Supporting Files";
			sourceTree = "<group>";
		};
		EE021E4F1AA9A55D00338D45 /* GNGeocoderTests */ = {
			isa = PBXGroup;
			children = (
				EE021E521AA9A55D00338D45 /* GNGeocoderTests.m */,
				EE021E501AA9A55D00338D45 /* Supporting Files */,
			);
			path = GNGeocoderTests;
			sourceTree = "<group>";
		};
		EE021E501AA9A55D00338D45 /* Supporting Files */ = {
			isa = PBXGroup;
			children = (
				EE021E511AA9A55D00338D45 /* Info.plist */,
			);
			name = "Supporting Files";
			sourceTree = "<group>";
		};
		EE021E5C1AA9A58D00338D45 /* Lib */ = {
			isa = PBXGroup;
			children = (
				EE021E751AA9C8C500338D45 /* Attributes */,
				EE021E661AA9A5B400338D45 /* GNGeocoder.h */,
				EE021E671AA9A5B400338D45 /* GNGeocoder.m */,
				EE021E6A1AA9A5B400338D45 /* GNLocationInfo.h */,
				EE021E6B1AA9A5B400338D45 /* GNLocationInfo.m */,
			);
			name = Lib;
			sourceTree = "<group>";
		};
		EE021E751AA9C8C500338D45 /* Attributes */ = {
			isa = PBXGroup;
			children = (
				EE021E681AA9A5B400338D45 /* GNGeocoderBaseAttributes.h */,
				EE021E691AA9A5B400338D45 /* GNGeocoderBaseAttributes.m */,
				EE021E721AA9C8B700338D45 /* GNGeocoderAttributes.h */,
				EE021E731AA9C8B700338D45 /* GNGeocoderAttributes.m */,
				EE021E761AA9C98400338D45 /* GNReverseGeocoderAttributes.h */,
				EE021E771AA9C98400338D45 /* GNReverseGeocoderAttributes.m */,
			);
			name = Attributes;
			sourceTree = "<group>";
		};
/* End PBXGroup section */

/* Begin PBXNativeTarget section */
		EE021E321AA9A55C00338D45 /* GNGeocoder */ = {
			isa = PBXNativeTarget;
			buildConfigurationList = EE021E561AA9A55D00338D45 /* Build configuration list for PBXNativeTarget "GNGeocoder" */;
			buildPhases = (
				4D76EE3CC47A23A18D242A85 /* Check Pods Manifest.lock */,
				EE021E2F1AA9A55C00338D45 /* Sources */,
				EE021E301AA9A55C00338D45 /* Frameworks */,
				EE021E311AA9A55C00338D45 /* Resources */,
				9723F6710146E0378C80415E /* Copy Pods Resources */,
			);
			buildRules = (
			);
			dependencies = (
			);
			name = GNGeocoder;
			productName = GNGeocoder;
			productReference = EE021E331AA9A55C00338D45 /* GNGeocoder.app */;
			productType = "com.apple.product-type.application";
		};
		EE021E4B1AA9A55D00338D45 /* GNGeocoderTests */ = {
			isa = PBXNativeTarget;
			buildConfigurationList = EE021E591AA9A55D00338D45 /* Build configuration list for PBXNativeTarget "GNGeocoderTests" */;
			buildPhases = (
				5D400D5E68952876C5A8E70E /* Check Pods Manifest.lock */,
				EE021E481AA9A55D00338D45 /* Sources */,
				EE021E491AA9A55D00338D45 /* Frameworks */,
				EE021E4A1AA9A55D00338D45 /* Resources */,
				B5618B5FCE30C5DCA5B747B2 /* Copy Pods Resources */,
			);
			buildRules = (
			);
			dependencies = (
				EE021E4E1AA9A55D00338D45 /* PBXTargetDependency */,
			);
			name = GNGeocoderTests;
			productName = GNGeocoderTests;
			productReference = EE021E4C1AA9A55D00338D45 /* GNGeocoderTests.xctest */;
			productType = "com.apple.product-type.bundle.unit-test";
		};
/* End PBXNativeTarget section */

/* Begin PBXProject section */
		EE021E2B1AA9A55C00338D45 /* Project object */ = {
			isa = PBXProject;
			attributes = {
				LastUpgradeCheck = 0610;
				ORGANIZATIONNAME = "Jakub Knejzlik";
				TargetAttributes = {
					EE021E321AA9A55C00338D45 = {
						CreatedOnToolsVersion = 6.1.1;
					};
					EE021E4B1AA9A55D00338D45 = {
						CreatedOnToolsVersion = 6.1.1;
						TestTargetID = EE021E321AA9A55C00338D45;
					};
				};
			};
			buildConfigurationList = EE021E2E1AA9A55C00338D45 /* Build configuration list for PBXProject "GNGeocoder" */;
			compatibilityVersion = "Xcode 3.2";
			developmentRegion = English;
			hasScannedForEncodings = 0;
			knownRegions = (
				en,
				Base,
			);
			mainGroup = EE021E2A1AA9A55C00338D45;
			productRefGroup = EE021E341AA9A55C00338D45 /* Products */;
			projectDirPath = "";
			projectRoot = "";
			targets = (
				EE021E321AA9A55C00338D45 /* GNGeocoder */,
				EE021E4B1AA9A55D00338D45 /* GNGeocoderTests */,
			);
		};
/* End PBXProject section */

/* Begin PBXResourcesBuildPhase section */
		EE021E311AA9A55C00338D45 /* Resources */ = {
			isa = PBXResourcesBuildPhase;
			buildActionMask = 2147483647;
			files = (
				EE021E421AA9A55C00338D45 /* Main.storyboard in Resources */,
				EE021E471AA9A55C00338D45 /* LaunchScreen.xib in Resources */,
				EE021E441AA9A55C00338D45 /* Images.xcassets in Resources */,
			);
			runOnlyForDeploymentPostprocessing = 0;
		};
		EE021E4A1AA9A55D00338D45 /* Resources */ = {
			isa = PBXResourcesBuildPhase;
			buildActionMask = 2147483647;
			files = (
			);
			runOnlyForDeploymentPostprocessing = 0;
		};
/* End PBXResourcesBuildPhase section */

/* Begin PBXShellScriptBuildPhase section */
		4D76EE3CC47A23A18D242A85 /* Check Pods Manifest.lock */ = {
			isa = PBXShellScriptBuildPhase;
			buildActionMask = 2147483647;
			files = (
			);
			inputPaths = (
			);
			name = "Check Pods Manifest.lock";
			outputPaths = (
			);
			runOnlyForDeploymentPostprocessing = 0;
			shellPath = /bin/sh;
			shellScript = "diff \"${PODS_ROOT}/../Podfile.lock\" \"${PODS_ROOT}/Manifest.lock\" > /dev/null\nif [[ $? != 0 ]] ; then\n    cat << EOM\nerror: The sandbox is not in sync with the Podfile.lock. Run 'pod install' or update your CocoaPods installation.\nEOM\n    exit 1\nfi\n";
			showEnvVarsInLog = 0;
		};
		5D400D5E68952876C5A8E70E /* Check Pods Manifest.lock */ = {
			isa = PBXShellScriptBuildPhase;
			buildActionMask = 2147483647;
			files = (
			);
			inputPaths = (
			);
			name = "Check Pods Manifest.lock";
			outputPaths = (
			);
			runOnlyForDeploymentPostprocessing = 0;
			shellPath = /bin/sh;
			shellScript = "diff \"${PODS_ROOT}/../Podfile.lock\" \"${PODS_ROOT}/Manifest.lock\" > /dev/null\nif [[ $? != 0 ]] ; then\n    cat << EOM\nerror: The sandbox is not in sync with the Podfile.lock. Run 'pod install' or update your CocoaPods installation.\nEOM\n    exit 1\nfi\n";
			showEnvVarsInLog = 0;
		};
		9723F6710146E0378C80415E /* Copy Pods Resources */ = {
			isa = PBXShellScriptBuildPhase;
			buildActionMask = 2147483647;
			files = (
			);
			inputPaths = (
			);
			name = "Copy Pods Resources";
			outputPaths = (
			);
			runOnlyForDeploymentPostprocessing = 0;
			shellPath = /bin/sh;
			shellScript = "\"${SRCROOT}/Pods/Target Support Files/Pods-GNGeocoder/Pods-GNGeocoder-resources.sh\"\n";
			showEnvVarsInLog = 0;
		};
		B5618B5FCE30C5DCA5B747B2 /* Copy Pods Resources */ = {
			isa = PBXShellScriptBuildPhase;
			buildActionMask = 2147483647;
			files = (
			);
			inputPaths = (
			);
			name = "Copy Pods Resources";
			outputPaths = (
			);
			runOnlyForDeploymentPostprocessing = 0;
			shellPath = /bin/sh;
			shellScript = "\"${SRCROOT}/Pods/Target Support Files/Pods-GNGeocoderTests/Pods-GNGeocoderTests-resources.sh\"\n";
			showEnvVarsInLog = 0;
		};
/* End PBXShellScriptBuildPhase section */

/* Begin PBXSourcesBuildPhase section */
		EE021E2F1AA9A55C00338D45 /* Sources */ = {
			isa = PBXSourcesBuildPhase;
			buildActionMask = 2147483647;
			files = (
				EE021E781AA9C98400338D45 /* GNReverseGeocoderAttributes.m in Sources */,
				EE021E6C1AA9A5B400338D45 /* GNGeocoder.m in Sources */,
				EE021E741AA9C8B700338D45 /* GNGeocoderAttributes.m in Sources */,
				EE021E6E1AA9A5B400338D45 /* GNLocationInfo.m in Sources */,
				EE021E3F1AA9A55C00338D45 /* ViewController.m in Sources */,
				EE021E6D1AA9A5B400338D45 /* GNGeocoderBaseAttributes.m in Sources */,
				EE021E3C1AA9A55C00338D45 /* AppDelegate.m in Sources */,
				EE021E391AA9A55C00338D45 /* main.m in Sources */,
			);
			runOnlyForDeploymentPostprocessing = 0;
		};
		EE021E481AA9A55D00338D45 /* Sources */ = {
			isa = PBXSourcesBuildPhase;
			buildActionMask = 2147483647;
			files = (
				EE021E531AA9A55D00338D45 /* GNGeocoderTests.m in Sources */,
			);
			runOnlyForDeploymentPostprocessing = 0;
		};
/* End PBXSourcesBuildPhase section */

/* Begin PBXTargetDependency section */
		EE021E4E1AA9A55D00338D45 /* PBXTargetDependency */ = {
			isa = PBXTargetDependency;
			target = EE021E321AA9A55C00338D45 /* GNGeocoder */;
			targetProxy = EE021E4D1AA9A55D00338D45 /* PBXContainerItemProxy */;
		};
/* End PBXTargetDependency section */

/* Begin PBXVariantGroup section */
		EE021E401AA9A55C00338D45 /* Main.storyboard */ = {
			isa = PBXVariantGroup;
			children = (
				EE021E411AA9A55C00338D45 /* Base */,
			);
			name = Main.storyboard;
			sourceTree = "<group>";
		};
		EE021E451AA9A55C00338D45 /* LaunchScreen.xib */ = {
			isa = PBXVariantGroup;
			children = (
				EE021E461AA9A55C00338D45 /* Base */,
			);
			name = LaunchScreen.xib;
			sourceTree = "<group>";
		};
/* End PBXVariantGroup section */

/* Begin XCBuildConfiguration section */
		EE021E541AA9A55D00338D45 /* Debug */ = {
			isa = XCBuildConfiguration;
			buildSettings = {
				ALWAYS_SEARCH_USER_PATHS = NO;
				CLANG_CXX_LANGUAGE_STANDARD = "gnu++0x";
				CLANG_CXX_LIBRARY = "libc++";
				CLANG_ENABLE_MODULES = YES;
				CLANG_ENABLE_OBJC_ARC = YES;
				CLANG_WARN_BOOL_CONVERSION = YES;
				CLANG_WARN_CONSTANT_CONVERSION = YES;
				CLANG_WARN_DIRECT_OBJC_ISA_USAGE = YES_ERROR;
				CLANG_WARN_EMPTY_BODY = YES;
				CLANG_WARN_ENUM_CONVERSION = YES;
				CLANG_WARN_INT_CONVERSION = YES;
				CLANG_WARN_OBJC_ROOT_CLASS = YES_ERROR;
				CLANG_WARN_UNREACHABLE_CODE = YES;
				CLANG_WARN__DUPLICATE_METHOD_MATCH = YES;
				"CODE_SIGN_IDENTITY[sdk=iphoneos*]" = "iPhone Developer";
				COPY_PHASE_STRIP = NO;
				ENABLE_STRICT_OBJC_MSGSEND = YES;
				GCC_C_LANGUAGE_STANDARD = gnu99;
				GCC_DYNAMIC_NO_PIC = NO;
				GCC_OPTIMIZATION_LEVEL = 0;
				GCC_PREPROCESSOR_DEFINITIONS = (
					"DEBUG=1",
					"$(inherited)",
				);
				GCC_SYMBOLS_PRIVATE_EXTERN = NO;
				GCC_WARN_64_TO_32_BIT_CONVERSION = YES;
				GCC_WARN_ABOUT_RETURN_TYPE = YES_ERROR;
				GCC_WARN_UNDECLARED_SELECTOR = YES;
				GCC_WARN_UNINITIALIZED_AUTOS = YES_AGGRESSIVE;
				GCC_WARN_UNUSED_FUNCTION = YES;
				GCC_WARN_UNUSED_VARIABLE = YES;
				IPHONEOS_DEPLOYMENT_TARGET = 8.1;
				MTL_ENABLE_DEBUG_INFO = YES;
				ONLY_ACTIVE_ARCH = YES;
				SDKROOT = iphoneos;
			};
			name = Debug;
		};
		EE021E551AA9A55D00338D45 /* Release */ = {
			isa = XCBuildConfiguration;
			buildSettings = {
				ALWAYS_SEARCH_USER_PATHS = NO;
				CLANG_CXX_LANGUAGE_STANDARD = "gnu++0x";
				CLANG_CXX_LIBRARY = "libc++";
				CLANG_ENABLE_MODULES = YES;
				CLANG_ENABLE_OBJC_ARC = YES;
				CLANG_WARN_BOOL_CONVERSION = YES;
				CLANG_WARN_CONSTANT_CONVERSION = YES;
				CLANG_WARN_DIRECT_OBJC_ISA_USAGE = YES_ERROR;
				CLANG_WARN_EMPTY_BODY = YES;
				CLANG_WARN_ENUM_CONVERSION = YES;
				CLANG_WARN_INT_CONVERSION = YES;
				CLANG_WARN_OBJC_ROOT_CLASS = YES_ERROR;
				CLANG_WARN_UNREACHABLE_CODE = YES;
				CLANG_WARN__DUPLICATE_METHOD_MATCH = YES;
				"CODE_SIGN_IDENTITY[sdk=iphoneos*]" = "iPhone Developer";
				COPY_PHASE_STRIP = YES;
				ENABLE_NS_ASSERTIONS = NO;
				ENABLE_STRICT_OBJC_MSGSEND = YES;
				GCC_C_LANGUAGE_STANDARD = gnu99;
				GCC_WARN_64_TO_32_BIT_CONVERSION = YES;
				GCC_WARN_ABOUT_RETURN_TYPE = YES_ERROR;
				GCC_WARN_UNDECLARED_SELECTOR = YES;
				GCC_WARN_UNINITIALIZED_AUTOS = YES_AGGRESSIVE;
				GCC_WARN_UNUSED_FUNCTION = YES;
				GCC_WARN_UNUSED_VARIABLE = YES;
				IPHONEOS_DEPLOYMENT_TARGET = 8.1;
				MTL_ENABLE_DEBUG_INFO = NO;
				SDKROOT = iphoneos;
				VALIDATE_PRODUCT = YES;
			};
			name = Release;
		};
		EE021E571AA9A55D00338D45 /* Debug */ = {
			isa = XCBuildConfiguration;
			baseConfigurationReference = FAC2AFF89E75AAE6E05A7522 /* Pods-GNGeocoder.debug.xcconfig */;
			buildSettings = {
				ASSETCATALOG_COMPILER_APPICON_NAME = AppIcon;
				INFOPLIST_FILE = GNGeocoder/Info.plist;
				LD_RUNPATH_SEARCH_PATHS = "$(inherited) @executable_path/Frameworks";
				PRODUCT_NAME = "$(TARGET_NAME)";
			};
			name = Debug;
		};
		EE021E581AA9A55D00338D45 /* Release */ = {
			isa = XCBuildConfiguration;
			baseConfigurationReference = CF134EB399010DABAEA779EF /* Pods-GNGeocoder.release.xcconfig */;
			buildSettings = {
				ASSETCATALOG_COMPILER_APPICON_NAME = AppIcon;
				INFOPLIST_FILE = GNGeocoder/Info.plist;
				LD_RUNPATH_SEARCH_PATHS = "$(inherited) @executable_path/Frameworks";
				PRODUCT_NAME = "$(TARGET_NAME)";
			};
			name = Release;
		};
		EE021E5A1AA9A55D00338D45 /* Debug */ = {
			isa = XCBuildConfiguration;
			baseConfigurationReference = 01AA35C23AFA686F94114899 /* Pods-GNGeocoderTests.debug.xcconfig */;
			buildSettings = {
				BUNDLE_LOADER = "$(TEST_HOST)";
				FRAMEWORK_SEARCH_PATHS = (
					"$(SDKROOT)/Developer/Library/Frameworks",
					"$(inherited)",
				);
				GCC_PREPROCESSOR_DEFINITIONS = (
					"DEBUG=1",
					"$(inherited)",
				);
				INFOPLIST_FILE = GNGeocoderTests/Info.plist;
				LD_RUNPATH_SEARCH_PATHS = "$(inherited) @executable_path/Frameworks @loader_path/Frameworks";
				PRODUCT_NAME = "$(TARGET_NAME)";
				TEST_HOST = "$(BUILT_PRODUCTS_DIR)/GNGeocoder.app/GNGeocoder";
			};
			name = Debug;
		};
		EE021E5B1AA9A55D00338D45 /* Release */ = {
			isa = XCBuildConfiguration;
			baseConfigurationReference = ED72D3DDC658389A80D5968B /* Pods-GNGeocoderTests.release.xcconfig */;
			buildSettings = {
				BUNDLE_LOADER = "$(TEST_HOST)";
				FRAMEWORK_SEARCH_PATHS = (
					"$(SDKROOT)/Developer/Library/Frameworks",
					"$(inherited)",
				);
				INFOPLIST_FILE = GNGeocoderTests/Info.plist;
				LD_RUNPATH_SEARCH_PATHS = "$(inherited) @executable_path/Frameworks @loader_path/Frameworks";
				PRODUCT_NAME = "$(TARGET_NAME)";
				TEST_HOST = "$(BUILT_PRODUCTS_DIR)/GNGeocoder.app/GNGeocoder";
			};
			name = Release;
		};
/* End XCBuildConfiguration section */

/* Begin XCConfigurationList section */
		EE021E2E1AA9A55C00338D45 /* Build configuration list for PBXProject "GNGeocoder" */ = {
			isa = XCConfigurationList;
			buildConfigurations = (
				EE021E541AA9A55D00338D45 /* Debug */,
				EE021E551AA9A55D00338D45 /* Release */,
			);
			defaultConfigurationIsVisible = 0;
			defaultConfigurationName = Release;
		};
		EE021E561AA9A55D00338D45 /* Build configuration list for PBXNativeTarget "GNGeocoder" */ = {
			isa = XCConfigurationList;
			buildConfigurations = (
				EE021E571AA9A55D00338D45 /* Debug */,
				EE021E581AA9A55D00338D45 /* Release */,
			);
			defaultConfigurationIsVisible = 0;
			defaultConfigurationName = Release;
		};
		EE021E591AA9A55D00338D45 /* Build configuration list for PBXNativeTarget "GNGeocoderTests" */ = {
			isa = XCConfigurationList;
			buildConfigurations = (
				EE021E5A1AA9A55D00338D45 /* Debug */,
				EE021E5B1AA9A55D00338D45 /* Release */,
			);
			defaultConfigurationIsVisible = 0;
			defaultConfigurationName = Release;
		};
/* End XCConfigurationList section */
	};
	rootObject = EE021E2B1AA9A55C00338D45 /* Project object */;
}
